
Microsoft Visual Studio Solution File, Format Version 12.00
# Visual Studio Version 17
VisualStudioVersion = 17.10.34916.146
MinimumVisualStudioVersion = 10.0.40219.1
Project("{FAE04EC0-301F-11D3-BF4B-00C04F79EFBC}") = "Pacman", "Pacman\Pacman.csproj", "{B35FC618-2754-4204-90D6-6095707691D0}"
EndProject
Global
	GlobalSection(SolutionConfigurationPlatforms) = preSolution
		Debug|Any CPU = Debug|Any CPU
		Release|Any CPU = Release|Any CPU
	EndGlobalSection
	GlobalSection(ProjectConfigurationPlatforms) = postSolution
		{B35FC618-2754-4204-90D6-6095707691D0}.Debug|Any CPU.ActiveCfg = Debug|Any CPU
		{B35FC618-2754-4204-90D6-6095707691D0}.Debug|Any CPU.Build.0 = Debug|Any CPU
		{B35FC618-2754-4204-90D6-6095707691D0}.Release|Any CPU.ActiveCfg = Release|Any CPU
		{B35FC618-2754-4204-90D6-6095707691D0}.Release|Any CPU.Build.0 = Release|Any CPU
	EndGlobalSection
	GlobalSection(SolutionProperties) = preSolution
		HideSolutionNode = FALSE
	EndGlobalSection
	GlobalSection(ExtensibilityGlobals) = postSolution
		SolutionGuid = {7DE5D3ED-C87A-41CB-8075-10E94BE35032}
	EndGlobalSection
EndGlobal
